{
  "name": "react-browserslist-boundary",
  "version": "0.0.1",
  "lockfileVersion": 1,
  "requires": true,
  "dependencies": {
    "browserslist": {
      "version": "4.0.1",
      "resolved": "https://registry.npmjs.org/browserslist/-/browserslist-4.0.1.tgz",
      "integrity": "sha512-QqiiIWchEIkney3wY53/huI7ZErouNAdvOkjorUALAwRcu3tEwOV3Sh6He0DnP38mz1JjBpCBb50jQBmaYuHPw==",
      "requires": {
        "caniuse-lite": "^1.0.30000865",
        "electron-to-chromium": "^1.3.52",
        "node-releases": "^1.0.0-alpha.10"
      }
    },
    "browserslist-useragent": {
      "version": "2.0.1",
      "resolved": "https://registry.npmjs.org/browserslist-useragent/-/browserslist-useragent-2.0.1.tgz",
      "integrity": "sha1-6l9wa8QmxfsrWt+XzefBrtCGTQ8=",
      "requires": {
        "browserslist": "^4.0.1",
        "semver": "^5.4.1",
        "useragent": "^2.2.1"
      }
    },
    "caniuse-lite": {
      "version": "1.0.30000865",
      "resolved": "https://registry.npmjs.org/caniuse-lite/-/caniuse-lite-1.0.30000865.tgz",
      "integrity": "sha512-vs79o1mOSKRGv/1pSkp4EXgl4ZviWeYReXw60XfacPU64uQWZwJT6vZNmxRF9O+6zu71sJwMxLK5JXxbzuVrLw=="
    },
    "electron-to-chromium": {
      "version": "1.3.52",
      "resolved": "https://registry.npmjs.org/electron-to-chromium/-/electron-to-chromium-1.3.52.tgz",
      "integrity": "sha1-0tnxJwuko7lnuDHEDvcftNmrXOA="
    },
    "lru-cache": {
      "version": "4.1.3",
      "resolved": "https://registry.npmjs.org/lru-cache/-/lru-cache-4.1.3.tgz",
      "integrity": "sha512-fFEhvcgzuIoJVUF8fYr5KR0YqxD238zgObTps31YdADwPPAp82a4M8TrckkWyx7ekNlf9aBcVn81cFwwXngrJA==",
      "requires": {
        "pseudomap": "^1.0.2",
        "yallist": "^2.1.2"
      }
    },
    "node-releases": {
      "version": "1.0.0-alpha.10",
      "resolved": "https://registry.npmjs.org/node-releases/-/node-releases-1.0.0-alpha.10.tgz",
      "integrity": "sha512-BSQrRgOfN6L/MoKIa7pRUc7dHvflCXMcqyTBvphixcSsgJTuUd24vAFONuNfVsuwTyz28S1HEc9XN6ZKylk4Hg==",
      "requires": {
        "semver": "^5.3.0"
      }
    },
    "os-tmpdir": {
      "version": "1.0.2",
      "resolved": "https://registry.npmjs.org/os-tmpdir/-/os-tmpdir-1.0.2.tgz",
      "integrity": "sha1-u+Z0BseaqFxc/sdm/lc0VV36EnQ="
    },
    "pseudomap": {
      "version": "1.0.2",
      "resolved": "https://registry.npmjs.org/pseudomap/-/pseudomap-1.0.2.tgz",
      "integrity": "sha1-8FKijacOYYkX7wqKw0wa5aaChrM="
    },
    "semver": {
      "version": "5.5.0",
      "resolved": "https://registry.npmjs.org/semver/-/semver-5.5.0.tgz",
      "integrity": "sha512-4SJ3dm0WAwWy/NVeioZh5AntkdJoWKxHxcmyP622fOkgHa4z3R0TdBJICINyaSDE6uNwVc8gZr+ZinwZAH4xIA=="
    },
    "tmp": {
      "version": "0.0.33",
      "resolved": "https://registry.npmjs.org/tmp/-/tmp-0.0.33.tgz",
      "integrity": "sha512-jRCJlojKnZ3addtTOjdIqoRuPEKBvNXcGYqzO6zWZX8KfKEpnGY5jfggJQ3EjKuu8D4bJRr0y+cYJFmYbImXGw==",
      "requires": {
        "os-tmpdir": "~1.0.2"
      }
    },
    "useragent": {
      "version": "2.3.0",
      "resolved": "https://registry.npmjs.org/useragent/-/useragent-2.3.0.tgz",
      "integrity": "sha512-4AoH4pxuSvHCjqLO04sU6U/uE65BYza8l/KKBS0b0hnUPWi+cQ2BpeTEwejCSx9SPV5/U03nniDTrWx5NrmKdw==",
      "requires": {
        "lru-cache": "4.1.x",
        "tmp": "0.0.x"
      }
    },
    "yallist": {
      "version": "2.1.2",
      "resolved": "https://registry.npmjs.org/yallist/-/yallist-2.1.2.tgz",
      "integrity": "sha1-HBH5IY8HYImkfdUS+TxmmaaoHVI="
    }
  }
}
